github.com/isayme/go-amqp-reconnect v0.0.0-20180930040740-e71660afb5ca h1:/k6bi3UzEon87YXwewlKXiMT+Qxu+OCaOtkn5ZGgCOs=
github.com/isayme/go-amqp-reconnect v0.0.0-20180930040740-e71660afb5ca/go.mod h1:4IOu90sBxNtO7GtD9//Ybh2UjZ9Dl+Cd9yIMj9GPRHQ=
github.com/isayme/go-amqp-reconnect v0.0.0-20210303120416-fc811b0bcda2 h1:PzQ5MrrM7f/PHpC0aN9hZA+nBDEuBQRX0EhQxc4W9OA=
github.com/isayme/go-amqp-reconnect v0.0.0-20210303120416-fc811b0bcda2/go.mod h1:4IOu90sBxNtO7GtD9//Ybh2UjZ9Dl+Cd9yIMj9GPRHQ=
github.com/joho/godotenv v1.3.0 h1:Zjp+RcGpHhGlrMbJzXTrZZPrWj+1vfm90La1wgB6Bhc=
github.com/joho/godotenv v1.3.0/go.mod h1:7hK45KPybAkOC6peb+G5yklZfMxEjkZhHbwpqxOKXbg=
github.com/joho/godotenv v1.5.1 h1:7eLL/+HRGLY0ldzfGMeQkb7vMd0as4CfYvUVzLqw0N0=
github.com/joho/godotenv v1.5.1/go.mod h1:f4LDr5Voq0i2e/R5DDNOoa2zzDfwtkZa6DnEwAbqwq4=
github.com/kelseyhightower/envconfig v1.4.0 h1:Im6hONhd3pLkfDFsbRgu68RDNkGF1r3dvMUtDTo2cv8=
github.com/kelseyhightower/envconfig v1.4.0/go.mod h1:cccZRl6mQpaq41TPp5QxidR+Sa3axMbJDNb//FQX6Gg=
github.com/pkg/errors v0.9.1 h1:FEBLx1zS214owpjy7qsBeixbURkuhQAwrK5UwLGTwt4=
github.com/pkg/errors v0.9.1/go.mod h1:bwawxfHBFNV+L2hUp1rHADufV3IMtnDRdf1r5NINEl0=
github.com/streadway/amqp v1.0.0 h1:kuuDrUJFZL1QYL9hUNuCxNObNzB0bV/ZG5jV3RWAQgo=
github.com/streadway/amqp v1.0.0/go.mod h1:AZpEONHx3DKn8O/DFsRAY58/XVQiIPMTMB1SddzLXVw=
github.com/streadway/amqp v1.1.0 h1:py12iX8XSyI7aN/3dUT8DFIDJazNJsVJdxNVEpnQTZM=
github.com/streadway/amqp v1.1.0/go.mod h1:WYSrTEYHOXHd0nwFeUXAe2G2hRnQT+deZJJf88uS9Bg=
