github.com/UNIwise/go-rabbit v0.0.0-20200630114911-58b821ae0c4e h1:0yQFAEJy1zHE/RX71xQD9VhuWpDn7BQKXHdqXTzOaWQ=
github.com/UNIwise/go-rabbit v0.0.0-20200630114911-58b821ae0c4e/go.mod h1:GxN7fMr4phZv1BEONq9bxRUZQE7AmHBGzI5yzskMAlM=
github.com/isayme/go-amqp-reconnect v0.0.0-20180930040740-e71660afb5ca h1:/k6bi3UzEon87YXwewlKXiMT+Qxu+OCaOtkn5ZGgCOs=
github.com/isayme/go-amqp-reconnect v0.0.0-20180930040740-e71660afb5ca/go.mod h1:4IOu90sBxNtO7GtD9//Ybh2UjZ9Dl+Cd9yIMj9GPRHQ=
github.com/joho/godotenv v1.3.0 h1:Zjp+RcGpHhGlrMbJzXTrZZPrWj+1vfm90La1wgB6Bhc=
github.com/joho/godotenv v1.3.0/go.mod h1:7hK45KPybAkOC6peb+G5yklZfMxEjkZhHbwpqxOKXbg=
github.com/kelseyhightower/envconfig v1.4.0 h1:Im6hONhd3pLkfDFsbRgu68RDNkGF1r3dvMUtDTo2cv8=
github.com/kelseyhightower/envconfig v1.4.0/go.mod h1:cccZRl6mQpaq41TPp5QxidR+Sa3axMbJDNb//FQX6Gg=
github.com/pkg/errors v0.9.1 h1:FEBLx1zS214owpjy7qsBeixbURkuhQAwrK5UwLGTwt4=
github.com/pkg/errors v0.9.1/go.mod h1:bwawxfHBFNV+L2hUp1rHADufV3IMtnDRdf1r5NINEl0=
github.com/streadway/amqp v1.0.0 h1:kuuDrUJFZL1QYL9hUNuCxNObNzB0bV/ZG5jV3RWAQgo=
github.com/streadway/amqp v1.0.0/go.mod h1:AZpEONHx3DKn8O/DFsRAY58/XVQiIPMTMB1SddzLXVw=
